{
  "name": "HealthInsurance",
  "lockfileVersion": 2,
  "requires": true,
  "packages": {
    "": {
      "dependencies": {
        "@grapecity/gcpdfviewer": "^4.2.5"
      }
    },
    "node_modules/@grapecity/gcpdfviewer": {
      "version": "4.2.5",
      "resolved": "https://registry.npmjs.org/@grapecity/gcpdfviewer/-/gcpdfviewer-4.2.5.tgz",
      "integrity": "sha512-URgjEIG0tzupDvaMyL338i85p04RjF6IIt8HMpVHTqxEqiXNNYLR/PO2vZIUpeLBFzwqXhzEnSbTOOGy1Ecj1A=="
    }
  },
  "dependencies": {
    "@grapecity/gcpdfviewer": {
      "version": "4.2.5",
      "resolved": "https://registry.npmjs.org/@grapecity/gcpdfviewer/-/gcpdfviewer-4.2.5.tgz",
      "integrity": "sha512-URgjEIG0tzupDvaMyL338i85p04RjF6IIt8HMpVHTqxEqiXNNYLR/PO2vZIUpeLBFzwqXhzEnSbTOOGy1Ecj1A=="
    }
  }
}
